
Microsoft Visual Studio Solution File, Format Version 12.00
# Visual Studio Version 16
VisualStudioVersion = 16.0.31129.286
MinimumVisualStudioVersion = 10.0.40219.1
Project("{FAE04EC0-301F-11D3-BF4B-00C04F79EFBC}") = "IELoad.UWP", "IELoad\IELoad.UWP\IELoad.UWP.csproj", "{1F03DB73-6A5D-4FF2-B87A-705A2577EC3A}"
EndProject
Project("{FAE04EC0-301F-11D3-BF4B-00C04F79EFBC}") = "IELoad.Android", "IELoad\IELoad.Android\IELoad.Android.csproj", "{C1C71398-3A8E-4CDA-980D-9E485B328C6E}"
EndProject
Project("{FAE04EC0-301F-11D3-BF4B-00C04F79EFBC}") = "IELoad.iOS", "IELoad\IELoad.iOS\IELoad.iOS.csproj", "{A301D4DC-FC25-4DAD-9236-3C822D31694D}"
EndProject
Project("{9A19103F-16F7-4668-BE54-9A1E7A4F7556}") = "IELoad", "IELoad\IELoad\IELoad.csproj", "{1AAE2A46-B780-4423-985B-9EBE81B79A96}"
EndProject
Global
	GlobalSection(SolutionConfigurationPlatforms) = preSolution
		Debug|Any CPU = Debug|Any CPU
		Debug|ARM = Debug|ARM
		Debug|iPhone = Debug|iPhone
		Debug|iPhoneSimulator = Debug|iPhoneSimulator
		Debug|x64 = Debug|x64
		Debug|x86 = Debug|x86
		Release|Any CPU = Release|Any CPU
		Release|ARM = Release|ARM
		Release|iPhone = Release|iPhone
		Release|iPhoneSimulator = Release|iPhoneSimulator
		Release|x64 = Release|x64
		Release|x86 = Release|x86
		Release-xml|Any CPU = Release-xml|Any CPU
		Release-xml|ARM = Release-xml|ARM
		Release-xml|iPhone = Release-xml|iPhone
		Release-xml|iPhoneSimulator = Release-xml|iPhoneSimulator
		Release-xml|x64 = Release-xml|x64
		Release-xml|x86 = Release-xml|x86
	EndGlobalSection
	GlobalSection(ProjectConfigurationPlatforms) = postSolution
		{1F03DB73-6A5D-4FF2-B87A-705A2577EC3A}.Debug|Any CPU.ActiveCfg = Debug|x86
		{1F03DB73-6A5D-4FF2-B87A-705A2577EC3A}.Debug|Any CPU.Build.0 = Debug|x86
		{1F03DB73-6A5D-4FF2-B87A-705A2577EC3A}.Debug|Any CPU.Deploy.0 = Debug|x86
		{1F03DB73-6A5D-4FF2-B87A-705A2577EC3A}.Debug|ARM.ActiveCfg = Debug|ARM
		{1F03DB73-6A5D-4FF2-B87A-705A2577EC3A}.Debug|ARM.Build.0 = Debug|ARM
		{1F03DB73-6A5D-4FF2-B87A-705A2577EC3A}.Debug|ARM.Deploy.0 = Debug|ARM
		{1F03DB73-6A5D-4FF2-B87A-705A2577EC3A}.Debug|iPhone.ActiveCfg = Debug|x86
		{1F03DB73-6A5D-4FF2-B87A-705A2577EC3A}.Debug|iPhone.Build.0 = Debug|x86
		{1F03DB73-6A5D-4FF2-B87A-705A2577EC3A}.Debug|iPhone.Deploy.0 = Debug|x86
		{1F03DB73-6A5D-4FF2-B87A-705A2577EC3A}.Debug|iPhoneSimulator.ActiveCfg = Debug|x86
		{1F03DB73-6A5D-4FF2-B87A-705A2577EC3A}.Debug|iPhoneSimulator.Build.0 = Debug|x86
		{1F03DB73-6A5D-4FF2-B87A-705A2577EC3A}.Debug|iPhoneSimulator.Deploy.0 = Debug|x86
		{1F03DB73-6A5D-4FF2-B87A-705A2577EC3A}.Debug|x64.ActiveCfg = Debug|x64
		{1F03DB73-6A5D-4FF2-B87A-705A2577EC3A}.Debug|x64.Build.0 = Debug|x64
		{1F03DB73-6A5D-4FF2-B87A-705A2577EC3A}.Debug|x64.Deploy.0 = Debug|x64
		{1F03DB73-6A5D-4FF2-B87A-705A2577EC3A}.Debug|x86.ActiveCfg = Debug|x86
		{1F03DB73-6A5D-4FF2-B87A-705A2577EC3A}.Debug|x86.Build.0 = Debug|x86
		{1F03DB73-6A5D-4FF2-B87A-705A2577EC3A}.Debug|x86.Deploy.0 = Debug|x86
		{1F03DB73-6A5D-4FF2-B87A-705A2577EC3A}.Release|Any CPU.ActiveCfg = Release|x86
		{1F03DB73-6A5D-4FF2-B87A-705A2577EC3A}.Release|Any CPU.Build.0 = Release|x86
		{1F03DB73-6A5D-4FF2-B87A-705A2577EC3A}.Release|Any CPU.Deploy.0 = Release|x86
		{1F03DB73-6A5D-4FF2-B87A-705A2577EC3A}.Release|ARM.ActiveCfg = Release|ARM
		{1F03DB73-6A5D-4FF2-B87A-705A2577EC3A}.Release|ARM.Build.0 = Release|ARM
		{1F03DB73-6A5D-4FF2-B87A-705A2577EC3A}.Release|ARM.Deploy.0 = Release|ARM
		{1F03DB73-6A5D-4FF2-B87A-705A2577EC3A}.Release|iPhone.ActiveCfg = Release|x86
		{1F03DB73-6A5D-4FF2-B87A-705A2577EC3A}.Release|iPhone.Build.0 = Release|x86
		{1F03DB73-6A5D-4FF2-B87A-705A2577EC3A}.Release|iPhone.Deploy.0 = Release|x86
		{1F03DB73-6A5D-4FF2-B87A-705A2577EC3A}.Release|iPhoneSimulator.ActiveCfg = Release|x86
		{1F03DB73-6A5D-4FF2-B87A-705A2577EC3A}.Release|iPhoneSimulator.Build.0 = Release|x86
		{1F03DB73-6A5D-4FF2-B87A-705A2577EC3A}.Release|iPhoneSimulator.Deploy.0 = Release|x86
		{1F03DB73-6A5D-4FF2-B87A-705A2577EC3A}.Release|x64.ActiveCfg = Release|x64
		{1F03DB73-6A5D-4FF2-B87A-705A2577EC3A}.Release|x64.Build.0 = Release|x64
		{1F03DB73-6A5D-4FF2-B87A-705A2577EC3A}.Release|x64.Deploy.0 = Release|x64
		{1F03DB73-6A5D-4FF2-B87A-705A2577EC3A}.Release|x86.ActiveCfg = Release|x86
		{1F03DB73-6A5D-4FF2-B87A-705A2577EC3A}.Release|x86.Build.0 = Release|x86
		{1F03DB73-6A5D-4FF2-B87A-705A2577EC3A}.Release|x86.Deploy.0 = Release|x86
		{1F03DB73-6A5D-4FF2-B87A-705A2577EC3A}.Release-xml|Any CPU.ActiveCfg = Release|x64
		{1F03DB73-6A5D-4FF2-B87A-705A2577EC3A}.Release-xml|ARM.ActiveCfg = Release|ARM
		{1F03DB73-6A5D-4FF2-B87A-705A2577EC3A}.Release-xml|iPhone.ActiveCfg = Release|x64
		{1F03DB73-6A5D-4FF2-B87A-705A2577EC3A}.Release-xml|iPhoneSimulator.ActiveCfg = Release|x64
		{1F03DB73-6A5D-4FF2-B87A-705A2577EC3A}.Release-xml|x64.ActiveCfg = Release|x64
		{1F03DB73-6A5D-4FF2-B87A-705A2577EC3A}.Release-xml|x86.ActiveCfg = Release|x86
		{C1C71398-3A8E-4CDA-980D-9E485B328C6E}.Debug|Any CPU.ActiveCfg = Debug|Any CPU
		{C1C71398-3A8E-4CDA-980D-9E485B328C6E}.Debug|Any CPU.Build.0 = Debug|Any CPU
		{C1C71398-3A8E-4CDA-980D-9E485B328C6E}.Debug|Any CPU.Deploy.0 = Debug|Any CPU
		{C1C71398-3A8E-4CDA-980D-9E485B328C6E}.Debug|ARM.ActiveCfg = Debug|Any CPU
		{C1C71398-3A8E-4CDA-980D-9E485B328C6E}.Debug|ARM.Build.0 = Debug|Any CPU
		{C1C71398-3A8E-4CDA-980D-9E485B328C6E}.Debug|ARM.Deploy.0 = Debug|Any CPU
		{C1C71398-3A8E-4CDA-980D-9E485B328C6E}.Debug|iPhone.ActiveCfg = Debug|Any CPU
		{C1C71398-3A8E-4CDA-980D-9E485B328C6E}.Debug|iPhone.Build.0 = Debug|Any CPU
		{C1C71398-3A8E-4CDA-980D-9E485B328C6E}.Debug|iPhone.Deploy.0 = Debug|Any CPU
		{C1C71398-3A8E-4CDA-980D-9E485B328C6E}.Debug|iPhoneSimulator.ActiveCfg = Debug|Any CPU
		{C1C71398-3A8E-4CDA-980D-9E485B328C6E}.Debug|iPhoneSimulator.Build.0 = Debug|Any CPU
		{C1C71398-3A8E-4CDA-980D-9E485B328C6E}.Debug|iPhoneSimulator.Deploy.0 = Debug|Any CPU
		{C1C71398-3A8E-4CDA-980D-9E485B328C6E}.Debug|x64.ActiveCfg = Debug|Any CPU
		{C1C71398-3A8E-4CDA-980D-9E485B328C6E}.Debug|x64.Build.0 = Debug|Any CPU
		{C1C71398-3A8E-4CDA-980D-9E485B328C6E}.Debug|x64.Deploy.0 = Debug|Any CPU
		{C1C71398-3A8E-4CDA-980D-9E485B328C6E}.Debug|x86.ActiveCfg = Debug|Any CPU
		{C1C71398-3A8E-4CDA-980D-9E485B328C6E}.Debug|x86.Build.0 = Debug|Any CPU
		{C1C71398-3A8E-4CDA-980D-9E485B328C6E}.Debug|x86.Deploy.0 = Debug|Any CPU
		{C1C71398-3A8E-4CDA-980D-9E485B328C6E}.Release|Any CPU.ActiveCfg = Release|Any CPU
		{C1C71398-3A8E-4CDA-980D-9E485B328C6E}.Release|Any CPU.Build.0 = Release|Any CPU
		{C1C71398-3A8E-4CDA-980D-9E485B328C6E}.Release|Any CPU.Deploy.0 = Release|Any CPU
		{C1C71398-3A8E-4CDA-980D-9E485B328C6E}.Release|ARM.ActiveCfg = Release|Any CPU
		{C1C71398-3A8E-4CDA-980D-9E485B328C6E}.Release|ARM.Build.0 = Release|Any CPU
		{C1C71398-3A8E-4CDA-980D-9E485B328C6E}.Release|ARM.Deploy.0 = Release|Any CPU
		{C1C71398-3A8E-4CDA-980D-9E485B328C6E}.Release|iPhone.ActiveCfg = Release|Any CPU
		{C1C71398-3A8E-4CDA-980D-9E485B328C6E}.Release|iPhone.Build.0 = Release|Any CPU
		{C1C71398-3A8E-4CDA-980D-9E485B328C6E}.Release|iPhone.Deploy.0 = Release|Any CPU
		{C1C71398-3A8E-4CDA-980D-9E485B328C6E}.Release|iPhoneSimulator.ActiveCfg = Release|Any CPU
		{C1C71398-3A8E-4CDA-980D-9E485B328C6E}.Release|iPhoneSimulator.Build.0 = Release|Any CPU
		{C1C71398-3A8E-4CDA-980D-9E485B328C6E}.Release|iPhoneSimulator.Deploy.0 = Release|Any CPU
		{C1C71398-3A8E-4CDA-980D-9E485B328C6E}.Release|x64.ActiveCfg = Release|Any CPU
		{C1C71398-3A8E-4CDA-980D-9E485B328C6E}.Release|x64.Build.0 = Release|Any CPU
		{C1C71398-3A8E-4CDA-980D-9E485B328C6E}.Release|x64.Deploy.0 = Release|Any CPU
		{C1C71398-3A8E-4CDA-980D-9E485B328C6E}.Release|x86.ActiveCfg = Release|Any CPU
		{C1C71398-3A8E-4CDA-980D-9E485B328C6E}.Release|x86.Build.0 = Release|Any CPU
		{C1C71398-3A8E-4CDA-980D-9E485B328C6E}.Release|x86.Deploy.0 = Release|Any CPU
		{C1C71398-3A8E-4CDA-980D-9E485B328C6E}.Release-xml|Any CPU.ActiveCfg = Release|Any CPU
		{C1C71398-3A8E-4CDA-980D-9E485B328C6E}.Release-xml|Any CPU.Build.0 = Release|Any CPU
		{C1C71398-3A8E-4CDA-980D-9E485B328C6E}.Release-xml|Any CPU.Deploy.0 = Release|Any CPU
		{C1C71398-3A8E-4CDA-980D-9E485B328C6E}.Release-xml|ARM.ActiveCfg = Release|Any CPU
		{C1C71398-3A8E-4CDA-980D-9E485B328C6E}.Release-xml|ARM.Build.0 = Release|Any CPU
		{C1C71398-3A8E-4CDA-980D-9E485B328C6E}.Release-xml|ARM.Deploy.0 = Release|Any CPU
		{C1C71398-3A8E-4CDA-980D-9E485B328C6E}.Release-xml|iPhone.ActiveCfg = Release|Any CPU
		{C1C71398-3A8E-4CDA-980D-9E485B328C6E}.Release-xml|iPhone.Build.0 = Release|Any CPU
		{C1C71398-3A8E-4CDA-980D-9E485B328C6E}.Release-xml|iPhone.Deploy.0 = Release|Any CPU
		{C1C71398-3A8E-4CDA-980D-9E485B328C6E}.Release-xml|iPhoneSimulator.ActiveCfg = Release|Any CPU
		{C1C71398-3A8E-4CDA-980D-9E485B328C6E}.Release-xml|iPhoneSimulator.Build.0 = Release|Any CPU
		{C1C71398-3A8E-4CDA-980D-9E485B328C6E}.Release-xml|iPhoneSimulator.Deploy.0 = Release|Any CPU
		{C1C71398-3A8E-4CDA-980D-9E485B328C6E}.Release-xml|x64.ActiveCfg = Release|Any CPU
		{C1C71398-3A8E-4CDA-980D-9E485B328C6E}.Release-xml|x64.Build.0 = Release|Any CPU
		{C1C71398-3A8E-4CDA-980D-9E485B328C6E}.Release-xml|x64.Deploy.0 = Release|Any CPU
		{C1C71398-3A8E-4CDA-980D-9E485B328C6E}.Release-xml|x86.ActiveCfg = Release|Any CPU
		{C1C71398-3A8E-4CDA-980D-9E485B328C6E}.Release-xml|x86.Build.0 = Release|Any CPU
		{C1C71398-3A8E-4CDA-980D-9E485B328C6E}.Release-xml|x86.Deploy.0 = Release|Any CPU
		{A301D4DC-FC25-4DAD-9236-3C822D31694D}.Debug|Any CPU.ActiveCfg = Debug|iPhoneSimulator
		{A301D4DC-FC25-4DAD-9236-3C822D31694D}.Debug|Any CPU.Build.0 = Debug|iPhoneSimulator
		{A301D4DC-FC25-4DAD-9236-3C822D31694D}.Debug|Any CPU.Deploy.0 = Debug|iPhoneSimulator
		{A301D4DC-FC25-4DAD-9236-3C822D31694D}.Debug|ARM.ActiveCfg = Debug|iPhone
		{A301D4DC-FC25-4DAD-9236-3C822D31694D}.Debug|ARM.Build.0 = Debug|iPhone
		{A301D4DC-FC25-4DAD-9236-3C822D31694D}.Debug|ARM.Deploy.0 = Debug|iPhone
		{A301D4DC-FC25-4DAD-9236-3C822D31694D}.Debug|iPhone.ActiveCfg = Debug|iPhone
		{A301D4DC-FC25-4DAD-9236-3C822D31694D}.Debug|iPhone.Build.0 = Debug|iPhone
		{A301D4DC-FC25-4DAD-9236-3C822D31694D}.Debug|iPhone.Deploy.0 = Debug|iPhone
		{A301D4DC-FC25-4DAD-9236-3C822D31694D}.Debug|iPhoneSimulator.ActiveCfg = Debug|iPhoneSimulator
		{A301D4DC-FC25-4DAD-9236-3C822D31694D}.Debug|iPhoneSimulator.Build.0 = Debug|iPhoneSimulator
		{A301D4DC-FC25-4DAD-9236-3C822D31694D}.Debug|iPhoneSimulator.Deploy.0 = Debug|iPhoneSimulator
		{A301D4DC-FC25-4DAD-9236-3C822D31694D}.Debug|x64.ActiveCfg = Debug|iPhoneSimulator
		{A301D4DC-FC25-4DAD-9236-3C822D31694D}.Debug|x64.Build.0 = Debug|iPhoneSimulator
		{A301D4DC-FC25-4DAD-9236-3C822D31694D}.Debug|x64.Deploy.0 = Debug|iPhoneSimulator
		{A301D4DC-FC25-4DAD-9236-3C822D31694D}.Debug|x86.ActiveCfg = Debug|iPhoneSimulator
		{A301D4DC-FC25-4DAD-9236-3C822D31694D}.Debug|x86.Build.0 = Debug|iPhoneSimulator
		{A301D4DC-FC25-4DAD-9236-3C822D31694D}.Debug|x86.Deploy.0 = Debug|iPhoneSimulator
		{A301D4DC-FC25-4DAD-9236-3C822D31694D}.Release|Any CPU.ActiveCfg = Release|iPhoneSimulator
		{A301D4DC-FC25-4DAD-9236-3C822D31694D}.Release|Any CPU.Build.0 = Release|iPhoneSimulator
		{A301D4DC-FC25-4DAD-9236-3C822D31694D}.Release|Any CPU.Deploy.0 = Release|iPhoneSimulator
		{A301D4DC-FC25-4DAD-9236-3C822D31694D}.Release|ARM.ActiveCfg = Release|iPhoneSimulator
		{A301D4DC-FC25-4DAD-9236-3C822D31694D}.Release|ARM.Build.0 = Release|iPhoneSimulator
		{A301D4DC-FC25-4DAD-9236-3C822D31694D}.Release|ARM.Deploy.0 = Release|iPhoneSimulator
		{A301D4DC-FC25-4DAD-9236-3C822D31694D}.Release|iPhone.ActiveCfg = Release|iPhone
		{A301D4DC-FC25-4DAD-9236-3C822D31694D}.Release|iPhone.Build.0 = Release|iPhone
		{A301D4DC-FC25-4DAD-9236-3C822D31694D}.Release|iPhone.Deploy.0 = Release|iPhone
		{A301D4DC-FC25-4DAD-9236-3C822D31694D}.Release|iPhoneSimulator.ActiveCfg = Release|iPhoneSimulator
		{A301D4DC-FC25-4DAD-9236-3C822D31694D}.Release|iPhoneSimulator.Build.0 = Release|iPhoneSimulator
		{A301D4DC-FC25-4DAD-9236-3C822D31694D}.Release|iPhoneSimulator.Deploy.0 = Release|iPhoneSimulator
		{A301D4DC-FC25-4DAD-9236-3C822D31694D}.Release|x64.ActiveCfg = Release|iPhoneSimulator
		{A301D4DC-FC25-4DAD-9236-3C822D31694D}.Release|x64.Build.0 = Release|iPhoneSimulator
		{A301D4DC-FC25-4DAD-9236-3C822D31694D}.Release|x64.Deploy.0 = Release|iPhoneSimulator
		{A301D4DC-FC25-4DAD-9236-3C822D31694D}.Release|x86.ActiveCfg = Release|iPhoneSimulator
		{A301D4DC-FC25-4DAD-9236-3C822D31694D}.Release|x86.Build.0 = Release|iPhoneSimulator
		{A301D4DC-FC25-4DAD-9236-3C822D31694D}.Release|x86.Deploy.0 = Release|iPhoneSimulator
		{A301D4DC-FC25-4DAD-9236-3C822D31694D}.Release-xml|Any CPU.ActiveCfg = Release|iPhone
		{A301D4DC-FC25-4DAD-9236-3C822D31694D}.Release-xml|ARM.ActiveCfg = Release|iPhone
		{A301D4DC-FC25-4DAD-9236-3C822D31694D}.Release-xml|iPhone.ActiveCfg = Release|iPhone
		{A301D4DC-FC25-4DAD-9236-3C822D31694D}.Release-xml|iPhoneSimulator.ActiveCfg = Release|iPhoneSimulator
		{A301D4DC-FC25-4DAD-9236-3C822D31694D}.Release-xml|x64.ActiveCfg = Release|iPhone
		{A301D4DC-FC25-4DAD-9236-3C822D31694D}.Release-xml|x86.ActiveCfg = Release|iPhone
		{1AAE2A46-B780-4423-985B-9EBE81B79A96}.Debug|Any CPU.ActiveCfg = Debug|Any CPU
		{1AAE2A46-B780-4423-985B-9EBE81B79A96}.Debug|Any CPU.Build.0 = Debug|Any CPU
		{1AAE2A46-B780-4423-985B-9EBE81B79A96}.Debug|Any CPU.Deploy.0 = Debug|Any CPU
		{1AAE2A46-B780-4423-985B-9EBE81B79A96}.Debug|ARM.ActiveCfg = Debug|Any CPU
		{1AAE2A46-B780-4423-985B-9EBE81B79A96}.Debug|ARM.Build.0 = Debug|Any CPU
		{1AAE2A46-B780-4423-985B-9EBE81B79A96}.Debug|ARM.Deploy.0 = Debug|Any CPU
		{1AAE2A46-B780-4423-985B-9EBE81B79A96}.Debug|iPhone.ActiveCfg = Debug|Any CPU
		{1AAE2A46-B780-4423-985B-9EBE81B79A96}.Debug|iPhone.Build.0 = Debug|Any CPU
		{1AAE2A46-B780-4423-985B-9EBE81B79A96}.Debug|iPhone.Deploy.0 = Debug|Any CPU
		{1AAE2A46-B780-4423-985B-9EBE81B79A96}.Debug|iPhoneSimulator.ActiveCfg = Debug|Any CPU
		{1AAE2A46-B780-4423-985B-9EBE81B79A96}.Debug|iPhoneSimulator.Build.0 = Debug|Any CPU
		{1AAE2A46-B780-4423-985B-9EBE81B79A96}.Debug|iPhoneSimulator.Deploy.0 = Debug|Any CPU
		{1AAE2A46-B780-4423-985B-9EBE81B79A96}.Debug|x64.ActiveCfg = Debug|Any CPU
		{1AAE2A46-B780-4423-985B-9EBE81B79A96}.Debug|x64.Build.0 = Debug|Any CPU
		{1AAE2A46-B780-4423-985B-9EBE81B79A96}.Debug|x64.Deploy.0 = Debug|Any CPU
		{1AAE2A46-B780-4423-985B-9EBE81B79A96}.Debug|x86.ActiveCfg = Debug|Any CPU
		{1AAE2A46-B780-4423-985B-9EBE81B79A96}.Debug|x86.Build.0 = Debug|Any CPU
		{1AAE2A46-B780-4423-985B-9EBE81B79A96}.Debug|x86.Deploy.0 = Debug|Any CPU
		{1AAE2A46-B780-4423-985B-9EBE81B79A96}.Release|Any CPU.ActiveCfg = Release|Any CPU
		{1AAE2A46-B780-4423-985B-9EBE81B79A96}.Release|Any CPU.Build.0 = Release|Any CPU
		{1AAE2A46-B780-4423-985B-9EBE81B79A96}.Release|Any CPU.Deploy.0 = Release|Any CPU
		{1AAE2A46-B780-4423-985B-9EBE81B79A96}.Release|ARM.ActiveCfg = Release|Any CPU
		{1AAE2A46-B780-4423-985B-9EBE81B79A96}.Release|ARM.Build.0 = Release|Any CPU
		{1AAE2A46-B780-4423-985B-9EBE81B79A96}.Release|ARM.Deploy.0 = Release|Any CPU
		{1AAE2A46-B780-4423-985B-9EBE81B79A96}.Release|iPhone.ActiveCfg = Release|Any CPU
		{1AAE2A46-B780-4423-985B-9EBE81B79A96}.Release|iPhone.Build.0 = Release|Any CPU
		{1AAE2A46-B780-4423-985B-9EBE81B79A96}.Release|iPhone.Deploy.0 = Release|Any CPU
		{1AAE2A46-B780-4423-985B-9EBE81B79A96}.Release|iPhoneSimulator.ActiveCfg = Release|Any CPU
		{1AAE2A46-B780-4423-985B-9EBE81B79A96}.Release|iPhoneSimulator.Build.0 = Release|Any CPU
		{1AAE2A46-B780-4423-985B-9EBE81B79A96}.Release|iPhoneSimulator.Deploy.0 = Release|Any CPU
		{1AAE2A46-B780-4423-985B-9EBE81B79A96}.Release|x64.ActiveCfg = Release|Any CPU
		{1AAE2A46-B780-4423-985B-9EBE81B79A96}.Release|x64.Build.0 = Release|Any CPU
		{1AAE2A46-B780-4423-985B-9EBE81B79A96}.Release|x64.Deploy.0 = Release|Any CPU
		{1AAE2A46-B780-4423-985B-9EBE81B79A96}.Release|x86.ActiveCfg = Release|Any CPU
		{1AAE2A46-B780-4423-985B-9EBE81B79A96}.Release|x86.Build.0 = Release|Any CPU
		{1AAE2A46-B780-4423-985B-9EBE81B79A96}.Release|x86.Deploy.0 = Release|Any CPU
		{1AAE2A46-B780-4423-985B-9EBE81B79A96}.Release-xml|Any CPU.ActiveCfg = Release|Any CPU
		{1AAE2A46-B780-4423-985B-9EBE81B79A96}.Release-xml|Any CPU.Build.0 = Release|Any CPU
		{1AAE2A46-B780-4423-985B-9EBE81B79A96}.Release-xml|ARM.ActiveCfg = Release|Any CPU
		{1AAE2A46-B780-4423-985B-9EBE81B79A96}.Release-xml|ARM.Build.0 = Release|Any CPU
		{1AAE2A46-B780-4423-985B-9EBE81B79A96}.Release-xml|iPhone.ActiveCfg = Release|Any CPU
		{1AAE2A46-B780-4423-985B-9EBE81B79A96}.Release-xml|iPhone.Build.0 = Release|Any CPU
		{1AAE2A46-B780-4423-985B-9EBE81B79A96}.Release-xml|iPhoneSimulator.ActiveCfg = Release|Any CPU
		{1AAE2A46-B780-4423-985B-9EBE81B79A96}.Release-xml|iPhoneSimulator.Build.0 = Release|Any CPU
		{1AAE2A46-B780-4423-985B-9EBE81B79A96}.Release-xml|x64.ActiveCfg = Release|Any CPU
		{1AAE2A46-B780-4423-985B-9EBE81B79A96}.Release-xml|x64.Build.0 = Release|Any CPU
		{1AAE2A46-B780-4423-985B-9EBE81B79A96}.Release-xml|x86.ActiveCfg = Release|Any CPU
		{1AAE2A46-B780-4423-985B-9EBE81B79A96}.Release-xml|x86.Build.0 = Release|Any CPU
	EndGlobalSection
	GlobalSection(SolutionProperties) = preSolution
		HideSolutionNode = FALSE
	EndGlobalSection
	GlobalSection(ExtensibilityGlobals) = postSolution
		SolutionGuid = {84F6844B-0D6C-4718-98F3-8E83D546B699}
	EndGlobalSection
EndGlobal
