
Microsoft Visual Studio Solution File, Format Version 12.00
# Visual Studio Version 16
VisualStudioVersion = 16.0.29324.140
MinimumVisualStudioVersion = 10.0.40219.1
Project("{FAE04EC0-301F-11D3-BF4B-00C04F79EFBC}") = "ImageEditor_Sample.UWP", "ImageEditor_Sample\ImageEditor_Sample.UWP\ImageEditor_Sample.UWP.csproj", "{5D9D46FC-4E5D-4FF5-9B31-461B681C493D}"
EndProject
Project("{FAE04EC0-301F-11D3-BF4B-00C04F79EFBC}") = "ImageEditor_Sample.Android", "ImageEditor_Sample\ImageEditor_Sample.Android\ImageEditor_Sample.Android.csproj", "{E9DDF2D3-9C5A-41E4-9D46-C90B9EFD90BF}"
EndProject
Project("{FAE04EC0-301F-11D3-BF4B-00C04F79EFBC}") = "ImageEditor_Sample.iOS", "ImageEditor_Sample\ImageEditor_Sample.iOS\ImageEditor_Sample.iOS.csproj", "{6660B8B7-3FD8-44DF-9389-6EC84CBDA56F}"
EndProject
Project("{FAE04EC0-301F-11D3-BF4B-00C04F79EFBC}") = "ImageEditor_Sample", "ImageEditor_Sample\ImageEditor_Sample\ImageEditor_Sample.csproj", "{4C803172-7E42-40F5-8D97-38E2117D6D12}"
EndProject
Global
	GlobalSection(SolutionConfigurationPlatforms) = preSolution
		Debug|Any CPU = Debug|Any CPU
		Debug|ARM = Debug|ARM
		Debug|iPhone = Debug|iPhone
		Debug|iPhoneSimulator = Debug|iPhoneSimulator
		Debug|x64 = Debug|x64
		Debug|x86 = Debug|x86
		Release|Any CPU = Release|Any CPU
		Release|ARM = Release|ARM
		Release|iPhone = Release|iPhone
		Release|iPhoneSimulator = Release|iPhoneSimulator
		Release|x64 = Release|x64
		Release|x86 = Release|x86
	EndGlobalSection
	GlobalSection(ProjectConfigurationPlatforms) = postSolution
		{5D9D46FC-4E5D-4FF5-9B31-461B681C493D}.Debug|Any CPU.ActiveCfg = Debug|x86
		{5D9D46FC-4E5D-4FF5-9B31-461B681C493D}.Debug|Any CPU.Build.0 = Debug|x86
		{5D9D46FC-4E5D-4FF5-9B31-461B681C493D}.Debug|Any CPU.Deploy.0 = Debug|x86
		{5D9D46FC-4E5D-4FF5-9B31-461B681C493D}.Debug|ARM.ActiveCfg = Debug|ARM
		{5D9D46FC-4E5D-4FF5-9B31-461B681C493D}.Debug|ARM.Build.0 = Debug|ARM
		{5D9D46FC-4E5D-4FF5-9B31-461B681C493D}.Debug|ARM.Deploy.0 = Debug|ARM
		{5D9D46FC-4E5D-4FF5-9B31-461B681C493D}.Debug|iPhone.ActiveCfg = Debug|x86
		{5D9D46FC-4E5D-4FF5-9B31-461B681C493D}.Debug|iPhone.Build.0 = Debug|x86
		{5D9D46FC-4E5D-4FF5-9B31-461B681C493D}.Debug|iPhone.Deploy.0 = Debug|x86
		{5D9D46FC-4E5D-4FF5-9B31-461B681C493D}.Debug|iPhoneSimulator.ActiveCfg = Debug|x86
		{5D9D46FC-4E5D-4FF5-9B31-461B681C493D}.Debug|iPhoneSimulator.Build.0 = Debug|x86
		{5D9D46FC-4E5D-4FF5-9B31-461B681C493D}.Debug|iPhoneSimulator.Deploy.0 = Debug|x86
		{5D9D46FC-4E5D-4FF5-9B31-461B681C493D}.Debug|x64.ActiveCfg = Debug|x64
		{5D9D46FC-4E5D-4FF5-9B31-461B681C493D}.Debug|x64.Build.0 = Debug|x64
		{5D9D46FC-4E5D-4FF5-9B31-461B681C493D}.Debug|x64.Deploy.0 = Debug|x64
		{5D9D46FC-4E5D-4FF5-9B31-461B681C493D}.Debug|x86.ActiveCfg = Debug|x86
		{5D9D46FC-4E5D-4FF5-9B31-461B681C493D}.Debug|x86.Build.0 = Debug|x86
		{5D9D46FC-4E5D-4FF5-9B31-461B681C493D}.Debug|x86.Deploy.0 = Debug|x86
		{5D9D46FC-4E5D-4FF5-9B31-461B681C493D}.Release|Any CPU.ActiveCfg = Release|x86
		{5D9D46FC-4E5D-4FF5-9B31-461B681C493D}.Release|Any CPU.Build.0 = Release|x86
		{5D9D46FC-4E5D-4FF5-9B31-461B681C493D}.Release|Any CPU.Deploy.0 = Release|x86
		{5D9D46FC-4E5D-4FF5-9B31-461B681C493D}.Release|ARM.ActiveCfg = Release|ARM
		{5D9D46FC-4E5D-4FF5-9B31-461B681C493D}.Release|ARM.Build.0 = Release|ARM
		{5D9D46FC-4E5D-4FF5-9B31-461B681C493D}.Release|ARM.Deploy.0 = Release|ARM
		{5D9D46FC-4E5D-4FF5-9B31-461B681C493D}.Release|iPhone.ActiveCfg = Release|x86
		{5D9D46FC-4E5D-4FF5-9B31-461B681C493D}.Release|iPhone.Build.0 = Release|x86
		{5D9D46FC-4E5D-4FF5-9B31-461B681C493D}.Release|iPhone.Deploy.0 = Release|x86
		{5D9D46FC-4E5D-4FF5-9B31-461B681C493D}.Release|iPhoneSimulator.ActiveCfg = Release|x86
		{5D9D46FC-4E5D-4FF5-9B31-461B681C493D}.Release|iPhoneSimulator.Build.0 = Release|x86
		{5D9D46FC-4E5D-4FF5-9B31-461B681C493D}.Release|iPhoneSimulator.Deploy.0 = Release|x86
		{5D9D46FC-4E5D-4FF5-9B31-461B681C493D}.Release|x64.ActiveCfg = Release|x64
		{5D9D46FC-4E5D-4FF5-9B31-461B681C493D}.Release|x64.Build.0 = Release|x64
		{5D9D46FC-4E5D-4FF5-9B31-461B681C493D}.Release|x64.Deploy.0 = Release|x64
		{5D9D46FC-4E5D-4FF5-9B31-461B681C493D}.Release|x86.ActiveCfg = Release|x86
		{5D9D46FC-4E5D-4FF5-9B31-461B681C493D}.Release|x86.Build.0 = Release|x86
		{5D9D46FC-4E5D-4FF5-9B31-461B681C493D}.Release|x86.Deploy.0 = Release|x86
		{E9DDF2D3-9C5A-41E4-9D46-C90B9EFD90BF}.Debug|Any CPU.ActiveCfg = Debug|Any CPU
		{E9DDF2D3-9C5A-41E4-9D46-C90B9EFD90BF}.Debug|Any CPU.Build.0 = Debug|Any CPU
		{E9DDF2D3-9C5A-41E4-9D46-C90B9EFD90BF}.Debug|Any CPU.Deploy.0 = Debug|Any CPU
		{E9DDF2D3-9C5A-41E4-9D46-C90B9EFD90BF}.Debug|ARM.ActiveCfg = Debug|Any CPU
		{E9DDF2D3-9C5A-41E4-9D46-C90B9EFD90BF}.Debug|ARM.Build.0 = Debug|Any CPU
		{E9DDF2D3-9C5A-41E4-9D46-C90B9EFD90BF}.Debug|ARM.Deploy.0 = Debug|Any CPU
		{E9DDF2D3-9C5A-41E4-9D46-C90B9EFD90BF}.Debug|iPhone.ActiveCfg = Debug|Any CPU
		{E9DDF2D3-9C5A-41E4-9D46-C90B9EFD90BF}.Debug|iPhone.Build.0 = Debug|Any CPU
		{E9DDF2D3-9C5A-41E4-9D46-C90B9EFD90BF}.Debug|iPhone.Deploy.0 = Debug|Any CPU
		{E9DDF2D3-9C5A-41E4-9D46-C90B9EFD90BF}.Debug|iPhoneSimulator.ActiveCfg = Debug|Any CPU
		{E9DDF2D3-9C5A-41E4-9D46-C90B9EFD90BF}.Debug|iPhoneSimulator.Build.0 = Debug|Any CPU
		{E9DDF2D3-9C5A-41E4-9D46-C90B9EFD90BF}.Debug|iPhoneSimulator.Deploy.0 = Debug|Any CPU
		{E9DDF2D3-9C5A-41E4-9D46-C90B9EFD90BF}.Debug|x64.ActiveCfg = Debug|Any CPU
		{E9DDF2D3-9C5A-41E4-9D46-C90B9EFD90BF}.Debug|x64.Build.0 = Debug|Any CPU
		{E9DDF2D3-9C5A-41E4-9D46-C90B9EFD90BF}.Debug|x64.Deploy.0 = Debug|Any CPU
		{E9DDF2D3-9C5A-41E4-9D46-C90B9EFD90BF}.Debug|x86.ActiveCfg = Debug|Any CPU
		{E9DDF2D3-9C5A-41E4-9D46-C90B9EFD90BF}.Debug|x86.Build.0 = Debug|Any CPU
		{E9DDF2D3-9C5A-41E4-9D46-C90B9EFD90BF}.Debug|x86.Deploy.0 = Debug|Any CPU
		{E9DDF2D3-9C5A-41E4-9D46-C90B9EFD90BF}.Release|Any CPU.ActiveCfg = Release|Any CPU
		{E9DDF2D3-9C5A-41E4-9D46-C90B9EFD90BF}.Release|Any CPU.Build.0 = Release|Any CPU
		{E9DDF2D3-9C5A-41E4-9D46-C90B9EFD90BF}.Release|Any CPU.Deploy.0 = Release|Any CPU
		{E9DDF2D3-9C5A-41E4-9D46-C90B9EFD90BF}.Release|ARM.ActiveCfg = Release|Any CPU
		{E9DDF2D3-9C5A-41E4-9D46-C90B9EFD90BF}.Release|ARM.Build.0 = Release|Any CPU
		{E9DDF2D3-9C5A-41E4-9D46-C90B9EFD90BF}.Release|ARM.Deploy.0 = Release|Any CPU
		{E9DDF2D3-9C5A-41E4-9D46-C90B9EFD90BF}.Release|iPhone.ActiveCfg = Release|Any CPU
		{E9DDF2D3-9C5A-41E4-9D46-C90B9EFD90BF}.Release|iPhone.Build.0 = Release|Any CPU
		{E9DDF2D3-9C5A-41E4-9D46-C90B9EFD90BF}.Release|iPhone.Deploy.0 = Release|Any CPU
		{E9DDF2D3-9C5A-41E4-9D46-C90B9EFD90BF}.Release|iPhoneSimulator.ActiveCfg = Release|Any CPU
		{E9DDF2D3-9C5A-41E4-9D46-C90B9EFD90BF}.Release|iPhoneSimulator.Build.0 = Release|Any CPU
		{E9DDF2D3-9C5A-41E4-9D46-C90B9EFD90BF}.Release|iPhoneSimulator.Deploy.0 = Release|Any CPU
		{E9DDF2D3-9C5A-41E4-9D46-C90B9EFD90BF}.Release|x64.ActiveCfg = Release|Any CPU
		{E9DDF2D3-9C5A-41E4-9D46-C90B9EFD90BF}.Release|x64.Build.0 = Release|Any CPU
		{E9DDF2D3-9C5A-41E4-9D46-C90B9EFD90BF}.Release|x64.Deploy.0 = Release|Any CPU
		{E9DDF2D3-9C5A-41E4-9D46-C90B9EFD90BF}.Release|x86.ActiveCfg = Release|Any CPU
		{E9DDF2D3-9C5A-41E4-9D46-C90B9EFD90BF}.Release|x86.Build.0 = Release|Any CPU
		{E9DDF2D3-9C5A-41E4-9D46-C90B9EFD90BF}.Release|x86.Deploy.0 = Release|Any CPU
		{6660B8B7-3FD8-44DF-9389-6EC84CBDA56F}.Debug|Any CPU.ActiveCfg = Debug|iPhone
		{6660B8B7-3FD8-44DF-9389-6EC84CBDA56F}.Debug|Any CPU.Build.0 = Debug|iPhone
		{6660B8B7-3FD8-44DF-9389-6EC84CBDA56F}.Debug|Any CPU.Deploy.0 = Debug|iPhone
		{6660B8B7-3FD8-44DF-9389-6EC84CBDA56F}.Debug|ARM.ActiveCfg = Debug|iPhoneSimulator
		{6660B8B7-3FD8-44DF-9389-6EC84CBDA56F}.Debug|ARM.Build.0 = Debug|iPhoneSimulator
		{6660B8B7-3FD8-44DF-9389-6EC84CBDA56F}.Debug|ARM.Deploy.0 = Debug|iPhoneSimulator
		{6660B8B7-3FD8-44DF-9389-6EC84CBDA56F}.Debug|iPhone.ActiveCfg = Debug|iPhone
		{6660B8B7-3FD8-44DF-9389-6EC84CBDA56F}.Debug|iPhone.Build.0 = Debug|iPhone
		{6660B8B7-3FD8-44DF-9389-6EC84CBDA56F}.Debug|iPhone.Deploy.0 = Debug|iPhone
		{6660B8B7-3FD8-44DF-9389-6EC84CBDA56F}.Debug|iPhoneSimulator.ActiveCfg = Debug|iPhoneSimulator
		{6660B8B7-3FD8-44DF-9389-6EC84CBDA56F}.Debug|iPhoneSimulator.Build.0 = Debug|iPhoneSimulator
		{6660B8B7-3FD8-44DF-9389-6EC84CBDA56F}.Debug|iPhoneSimulator.Deploy.0 = Debug|iPhoneSimulator
		{6660B8B7-3FD8-44DF-9389-6EC84CBDA56F}.Debug|x64.ActiveCfg = Debug|iPhone
		{6660B8B7-3FD8-44DF-9389-6EC84CBDA56F}.Debug|x64.Build.0 = Debug|iPhone
		{6660B8B7-3FD8-44DF-9389-6EC84CBDA56F}.Debug|x64.Deploy.0 = Debug|iPhone
		{6660B8B7-3FD8-44DF-9389-6EC84CBDA56F}.Debug|x86.ActiveCfg = Debug|iPhone
		{6660B8B7-3FD8-44DF-9389-6EC84CBDA56F}.Debug|x86.Build.0 = Debug|iPhone
		{6660B8B7-3FD8-44DF-9389-6EC84CBDA56F}.Debug|x86.Deploy.0 = Debug|iPhone
		{6660B8B7-3FD8-44DF-9389-6EC84CBDA56F}.Release|Any CPU.ActiveCfg = Release|iPhone
		{6660B8B7-3FD8-44DF-9389-6EC84CBDA56F}.Release|Any CPU.Build.0 = Release|iPhone
		{6660B8B7-3FD8-44DF-9389-6EC84CBDA56F}.Release|Any CPU.Deploy.0 = Release|iPhone
		{6660B8B7-3FD8-44DF-9389-6EC84CBDA56F}.Release|ARM.ActiveCfg = Release|iPhone
		{6660B8B7-3FD8-44DF-9389-6EC84CBDA56F}.Release|ARM.Build.0 = Release|iPhone
		{6660B8B7-3FD8-44DF-9389-6EC84CBDA56F}.Release|ARM.Deploy.0 = Release|iPhone
		{6660B8B7-3FD8-44DF-9389-6EC84CBDA56F}.Release|iPhone.ActiveCfg = Release|iPhone
		{6660B8B7-3FD8-44DF-9389-6EC84CBDA56F}.Release|iPhone.Build.0 = Release|iPhone
		{6660B8B7-3FD8-44DF-9389-6EC84CBDA56F}.Release|iPhone.Deploy.0 = Release|iPhone
		{6660B8B7-3FD8-44DF-9389-6EC84CBDA56F}.Release|iPhoneSimulator.ActiveCfg = Release|iPhoneSimulator
		{6660B8B7-3FD8-44DF-9389-6EC84CBDA56F}.Release|iPhoneSimulator.Build.0 = Release|iPhoneSimulator
		{6660B8B7-3FD8-44DF-9389-6EC84CBDA56F}.Release|iPhoneSimulator.Deploy.0 = Release|iPhoneSimulator
		{6660B8B7-3FD8-44DF-9389-6EC84CBDA56F}.Release|x64.ActiveCfg = Release|iPhone
		{6660B8B7-3FD8-44DF-9389-6EC84CBDA56F}.Release|x64.Build.0 = Release|iPhone
		{6660B8B7-3FD8-44DF-9389-6EC84CBDA56F}.Release|x64.Deploy.0 = Release|iPhone
		{6660B8B7-3FD8-44DF-9389-6EC84CBDA56F}.Release|x86.ActiveCfg = Release|iPhone
		{6660B8B7-3FD8-44DF-9389-6EC84CBDA56F}.Release|x86.Build.0 = Release|iPhone
		{6660B8B7-3FD8-44DF-9389-6EC84CBDA56F}.Release|x86.Deploy.0 = Release|iPhone
		{4C803172-7E42-40F5-8D97-38E2117D6D12}.Debug|Any CPU.ActiveCfg = Debug|Any CPU
		{4C803172-7E42-40F5-8D97-38E2117D6D12}.Debug|Any CPU.Build.0 = Debug|Any CPU
		{4C803172-7E42-40F5-8D97-38E2117D6D12}.Debug|Any CPU.Deploy.0 = Debug|Any CPU
		{4C803172-7E42-40F5-8D97-38E2117D6D12}.Debug|ARM.ActiveCfg = Debug|Any CPU
		{4C803172-7E42-40F5-8D97-38E2117D6D12}.Debug|ARM.Build.0 = Debug|Any CPU
		{4C803172-7E42-40F5-8D97-38E2117D6D12}.Debug|ARM.Deploy.0 = Debug|Any CPU
		{4C803172-7E42-40F5-8D97-38E2117D6D12}.Debug|iPhone.ActiveCfg = Debug|Any CPU
		{4C803172-7E42-40F5-8D97-38E2117D6D12}.Debug|iPhone.Build.0 = Debug|Any CPU
		{4C803172-7E42-40F5-8D97-38E2117D6D12}.Debug|iPhone.Deploy.0 = Debug|Any CPU
		{4C803172-7E42-40F5-8D97-38E2117D6D12}.Debug|iPhoneSimulator.ActiveCfg = Debug|Any CPU
		{4C803172-7E42-40F5-8D97-38E2117D6D12}.Debug|iPhoneSimulator.Build.0 = Debug|Any CPU
		{4C803172-7E42-40F5-8D97-38E2117D6D12}.Debug|iPhoneSimulator.Deploy.0 = Debug|Any CPU
		{4C803172-7E42-40F5-8D97-38E2117D6D12}.Debug|x64.ActiveCfg = Debug|Any CPU
		{4C803172-7E42-40F5-8D97-38E2117D6D12}.Debug|x64.Build.0 = Debug|Any CPU
		{4C803172-7E42-40F5-8D97-38E2117D6D12}.Debug|x64.Deploy.0 = Debug|Any CPU
		{4C803172-7E42-40F5-8D97-38E2117D6D12}.Debug|x86.ActiveCfg = Debug|Any CPU
		{4C803172-7E42-40F5-8D97-38E2117D6D12}.Debug|x86.Build.0 = Debug|Any CPU
		{4C803172-7E42-40F5-8D97-38E2117D6D12}.Debug|x86.Deploy.0 = Debug|Any CPU
		{4C803172-7E42-40F5-8D97-38E2117D6D12}.Release|Any CPU.ActiveCfg = Release|Any CPU
		{4C803172-7E42-40F5-8D97-38E2117D6D12}.Release|Any CPU.Build.0 = Release|Any CPU
		{4C803172-7E42-40F5-8D97-38E2117D6D12}.Release|Any CPU.Deploy.0 = Release|Any CPU
		{4C803172-7E42-40F5-8D97-38E2117D6D12}.Release|ARM.ActiveCfg = Release|Any CPU
		{4C803172-7E42-40F5-8D97-38E2117D6D12}.Release|ARM.Build.0 = Release|Any CPU
		{4C803172-7E42-40F5-8D97-38E2117D6D12}.Release|ARM.Deploy.0 = Release|Any CPU
		{4C803172-7E42-40F5-8D97-38E2117D6D12}.Release|iPhone.ActiveCfg = Release|Any CPU
		{4C803172-7E42-40F5-8D97-38E2117D6D12}.Release|iPhone.Build.0 = Release|Any CPU
		{4C803172-7E42-40F5-8D97-38E2117D6D12}.Release|iPhone.Deploy.0 = Release|Any CPU
		{4C803172-7E42-40F5-8D97-38E2117D6D12}.Release|iPhoneSimulator.ActiveCfg = Release|Any CPU
		{4C803172-7E42-40F5-8D97-38E2117D6D12}.Release|iPhoneSimulator.Build.0 = Release|Any CPU
		{4C803172-7E42-40F5-8D97-38E2117D6D12}.Release|iPhoneSimulator.Deploy.0 = Release|Any CPU
		{4C803172-7E42-40F5-8D97-38E2117D6D12}.Release|x64.ActiveCfg = Release|Any CPU
		{4C803172-7E42-40F5-8D97-38E2117D6D12}.Release|x64.Build.0 = Release|Any CPU
		{4C803172-7E42-40F5-8D97-38E2117D6D12}.Release|x64.Deploy.0 = Release|Any CPU
		{4C803172-7E42-40F5-8D97-38E2117D6D12}.Release|x86.ActiveCfg = Release|Any CPU
		{4C803172-7E42-40F5-8D97-38E2117D6D12}.Release|x86.Build.0 = Release|Any CPU
		{4C803172-7E42-40F5-8D97-38E2117D6D12}.Release|x86.Deploy.0 = Release|Any CPU
	EndGlobalSection
	GlobalSection(SolutionProperties) = preSolution
		HideSolutionNode = FALSE
	EndGlobalSection
	GlobalSection(ExtensibilityGlobals) = postSolution
		SolutionGuid = {E6547FD2-A7E7-4A41-9E28-A9897D686977}
	EndGlobalSection
EndGlobal
